
Microsoft Visual Studio Solution File, Format Version 12.00
# Visual Studio Version 16
VisualStudioVersion = 16.0.810.18
MinimumVisualStudioVersion = 10.0.40219.1
Project("{FAE04EC0-301F-11D3-BF4B-00C04F79EFBC}") = "dsa-solutions-test", "dsa-solutions-test\dsa-solutions-test.csproj", "{D6B872C8-8E40-45C4-BE7A-928A61FA3A4C}"
EndProject
Project("{FAE04EC0-301F-11D3-BF4B-00C04F79EFBC}") = "dsa-solutions", "dsa-solutions\dsa-solutions.csproj", "{5DA78ED9-58F9-408F-A239-D598359F8B8D}"
EndProject
Project("{FAE04EC0-301F-11D3-BF4B-00C04F79EFBC}") = "ConsoleUI", "ConsoleUI\ConsoleUI.csproj", "{93907CD4-5DE2-4425-AA04-E6F6F3843DD4}"
EndProject
Global
	GlobalSection(SolutionConfigurationPlatforms) = preSolution
		Debug|Any CPU = Debug|Any CPU
		Release|Any CPU = Release|Any CPU
	EndGlobalSection
	GlobalSection(ProjectConfigurationPlatforms) = postSolution
		{D6B872C8-8E40-45C4-BE7A-928A61FA3A4C}.Debug|Any CPU.ActiveCfg = Debug|Any CPU
		{D6B872C8-8E40-45C4-BE7A-928A61FA3A4C}.Debug|Any CPU.Build.0 = Debug|Any CPU
		{D6B872C8-8E40-45C4-BE7A-928A61FA3A4C}.Release|Any CPU.ActiveCfg = Release|Any CPU
		{D6B872C8-8E40-45C4-BE7A-928A61FA3A4C}.Release|Any CPU.Build.0 = Release|Any CPU
		{5DA78ED9-58F9-408F-A239-D598359F8B8D}.Debug|Any CPU.ActiveCfg = Debug|Any CPU
		{5DA78ED9-58F9-408F-A239-D598359F8B8D}.Debug|Any CPU.Build.0 = Debug|Any CPU
		{5DA78ED9-58F9-408F-A239-D598359F8B8D}.Release|Any CPU.ActiveCfg = Release|Any CPU
		{5DA78ED9-58F9-408F-A239-D598359F8B8D}.Release|Any CPU.Build.0 = Release|Any CPU
		{93907CD4-5DE2-4425-AA04-E6F6F3843DD4}.Debug|Any CPU.ActiveCfg = Debug|Any CPU
		{93907CD4-5DE2-4425-AA04-E6F6F3843DD4}.Debug|Any CPU.Build.0 = Debug|Any CPU
		{93907CD4-5DE2-4425-AA04-E6F6F3843DD4}.Release|Any CPU.ActiveCfg = Release|Any CPU
		{93907CD4-5DE2-4425-AA04-E6F6F3843DD4}.Release|Any CPU.Build.0 = Release|Any CPU
	EndGlobalSection
	GlobalSection(SolutionProperties) = preSolution
		HideSolutionNode = FALSE
	EndGlobalSection
	GlobalSection(ExtensibilityGlobals) = postSolution
		SolutionGuid = {D5571D31-B58E-47F3-BD2B-39232BC45771}
	EndGlobalSection
EndGlobal
